
Microsoft Visual Studio Solution File, Format Version 11.00
# Visual Studio 2010
Project("{FAE04EC0-301F-11D3-BF4B-00C04F79EFBC}") = "NextProjectMVC", "NextProjectMVC\NextProjectMVC.csproj", "{110A6C3F-6B12-4515-B587-56908AFD7B73}"
EndProject
Global
	GlobalSection(SolutionConfigurationPlatforms) = preSolution
		Debug|Any CPU = Debug|Any CPU
		Release|Any CPU = Release|Any CPU
	EndGlobalSection
	GlobalSection(ProjectConfigurationPlatforms) = postSolution
		{110A6C3F-6B12-4515-B587-56908AFD7B73}.Debug|Any CPU.ActiveCfg = Debug|Any CPU
		{110A6C3F-6B12-4515-B587-56908AFD7B73}.Debug|Any CPU.Build.0 = Debug|Any CPU
		{110A6C3F-6B12-4515-B587-56908AFD7B73}.Release|Any CPU.ActiveCfg = Release|Any CPU
		{110A6C3F-6B12-4515-B587-56908AFD7B73}.Release|Any CPU.Build.0 = Release|Any CPU
	EndGlobalSection
	GlobalSection(SolutionProperties) = preSolution
		HideSolutionNode = FALSE
	EndGlobalSection
EndGlobal
